// !$*UTF8*$!
{
	archiveVersion = 1;
	classes = {
	};
	objectVersion = 56;
	objects = {

/* Begin PBXBuildFile section */
		770C8AD12A711FAA00B7CF26 /* hikeData.json in Resources */ = {isa = PBXBuildFile; fileRef = 770C8AD02A711FAA00B7CF26 /* hikeData.json */; };
		770C8ADC2A71208500B7CF26 /* Hike.swift in Sources */ = {isa = PBXBuildFile; fileRef = 770C8ADB2A71208500B7CF26 /* Hike.swift */; };
		770C8AE22A7122A700B7CF26 /* GraphCapsule.swift in Sources */ = {isa = PBXBuildFile; fileRef = 770C8ADE2A7122A700B7CF26 /* GraphCapsule.swift */; };
		770C8AE32A7122A700B7CF26 /* HikeGraph.swift in Sources */ = {isa = PBXBuildFile; fileRef = 770C8ADF2A7122A700B7CF26 /* HikeGraph.swift */; };
		770C8AE42A7122A700B7CF26 /* HikeDetail.swift in Sources */ = {isa = PBXBuildFile; fileRef = 770C8AE02A7122A700B7CF26 /* HikeDetail.swift */; };
		770C8AE52A7122A700B7CF26 /* HikeView.swift in Sources */ = {isa = PBXBuildFile; fileRef = 770C8AE12A7122A700B7CF26 /* HikeView.swift */; };
		779ACB1D2A751B930073AAB7 /* CategoryHome.swift in Sources */ = {isa = PBXBuildFile; fileRef = 779ACB1C2A751B930073AAB7 /* CategoryHome.swift */; };
		779ACB222A7527A00073AAB7 /* CategoryListViewModel.swift in Sources */ = {isa = PBXBuildFile; fileRef = 779ACB212A7527A00073AAB7 /* CategoryListViewModel.swift */; };
		779ACB242A7527B40073AAB7 /* CategoryRowViewModel.swift in Sources */ = {isa = PBXBuildFile; fileRef = 779ACB232A7527B40073AAB7 /* CategoryRowViewModel.swift */; };
		779ACB262A7534C20073AAB7 /* CategoryRow.swift in Sources */ = {isa = PBXBuildFile; fileRef = 779ACB252A7534C20073AAB7 /* CategoryRow.swift */; };
		779ACB282A7536AE0073AAB7 /* CategoryItem.swift in Sources */ = {isa = PBXBuildFile; fileRef = 779ACB272A7536AE0073AAB7 /* CategoryItem.swift */; };
		77C45A6E2A67F87300750775 /* FavoriteButton.swift in Sources */ = {isa = PBXBuildFile; fileRef = 77C45A6D2A67F87300750775 /* FavoriteButton.swift */; };
		77CBDC2E2A5EACF700B168B3 /* LandmarksApp.swift in Sources */ = {isa = PBXBuildFile; fileRef = 77CBDC2D2A5EACF700B168B3 /* LandmarksApp.swift */; };
		77CBDC302A5EACF700B168B3 /* ContentView.swift in Sources */ = {isa = PBXBuildFile; fileRef = 77CBDC2F2A5EACF700B168B3 /* ContentView.swift */; };
		77CBDC322A5EACF800B168B3 /* Assets.xcassets in Resources */ = {isa = PBXBuildFile; fileRef = 77CBDC312A5EACF800B168B3 /* Assets.xcassets */; };
		77CBDC352A5EACF800B168B3 /* Preview Assets.xcassets in Resources */ = {isa = PBXBuildFile; fileRef = 77CBDC342A5EACF800B168B3 /* Preview Assets.xcassets */; };
		77CBDC3C2A5EC05100B168B3 /* CircleImage.swift in Sources */ = {isa = PBXBuildFile; fileRef = 77CBDC3B2A5EC05100B168B3 /* CircleImage.swift */; };
		77CBDC3F2A5EC4CC00B168B3 /* MapView.swift in Sources */ = {isa = PBXBuildFile; fileRef = 77CBDC3E2A5EC4CC00B168B3 /* MapView.swift */; };
		77CBDC432A5EE2F000B168B3 /* landmarkData.json in Resources */ = {isa = PBXBuildFile; fileRef = 77CBDC422A5EE2F000B168B3 /* landmarkData.json */; };
		77CBDC462A5EE3AB00B168B3 /* Landmark.swift in Sources */ = {isa = PBXBuildFile; fileRef = 77CBDC452A5EE3AB00B168B3 /* Landmark.swift */; };
		77CBDC482A5EE63B00B168B3 /* LandmarkViewModel.swift in Sources */ = {isa = PBXBuildFile; fileRef = 77CBDC472A5EE63B00B168B3 /* LandmarkViewModel.swift */; };
		77CBDC4B2A5EE67300B168B3 /* DataLoader.swift in Sources */ = {isa = PBXBuildFile; fileRef = 77CBDC4A2A5EE67300B168B3 /* DataLoader.swift */; };
		77CBDC4D2A5EFC9D00B168B3 /* LandmarkRow.swift in Sources */ = {isa = PBXBuildFile; fileRef = 77CBDC4C2A5EFC9D00B168B3 /* LandmarkRow.swift */; };
		77CBDC4F2A5F027700B168B3 /* LandmarkList.swift in Sources */ = {isa = PBXBuildFile; fileRef = 77CBDC4E2A5F027700B168B3 /* LandmarkList.swift */; };
		77DD48CA2A62A851007F7FC5 /* LandmarkDetail.swift in Sources */ = {isa = PBXBuildFile; fileRef = 77DD48C92A62A851007F7FC5 /* LandmarkDetail.swift */; };
		77DD48CC2A62D0DF007F7FC5 /* LandmarkListViewModel.swift in Sources */ = {isa = PBXBuildFile; fileRef = 77DD48CB2A62D0DF007F7FC5 /* LandmarkListViewModel.swift */; };
		77DD48CE2A62DF08007F7FC5 /* ModelData.swift in Sources */ = {isa = PBXBuildFile; fileRef = 77DD48CD2A62DF08007F7FC5 /* ModelData.swift */; };
		77F29B0C2A6BF3060078B8DA /* HexagonParameters.swift in Sources */ = {isa = PBXBuildFile; fileRef = 77F29B0B2A6BF3050078B8DA /* HexagonParameters.swift */; };
		77F29B0E2A6BF51F0078B8DA /* BadgeBackground.swift in Sources */ = {isa = PBXBuildFile; fileRef = 77F29B0D2A6BF51F0078B8DA /* BadgeBackground.swift */; };
		77F29B122A6C12D90078B8DA /* BadgeSymbol.swift in Sources */ = {isa = PBXBuildFile; fileRef = 77F29B112A6C12D90078B8DA /* BadgeSymbol.swift */; };
		77F29B142A6C16690078B8DA /* RotatedBadgeSymbol.swift in Sources */ = {isa = PBXBuildFile; fileRef = 77F29B132A6C16690078B8DA /* RotatedBadgeSymbol.swift */; };
		77F29B162A6C26110078B8DA /* Badge.swift in Sources */ = {isa = PBXBuildFile; fileRef = 77F29B152A6C26110078B8DA /* Badge.swift */; };
		77FCE7DC2A7A960B0036C691 /* Profile.swift in Sources */ = {isa = PBXBuildFile; fileRef = 77FCE7DB2A7A960B0036C691 /* Profile.swift */; };
/* End PBXBuildFile section */

/* Begin PBXFileReference section */
		770C8AD02A711FAA00B7CF26 /* hikeData.json */ = {isa = PBXFileReference; fileEncoding = 4; lastKnownFileType = text.json; path = hikeData.json; sourceTree = "<group>"; };
		770C8ADB2A71208500B7CF26 /* Hike.swift */ = {isa = PBXFileReference; lastKnownFileType = sourcecode.swift; path = Hike.swift; sourceTree = "<group>"; };
		770C8ADE2A7122A700B7CF26 /* GraphCapsule.swift */ = {isa = PBXFileReference; fileEncoding = 4; lastKnownFileType = sourcecode.swift; path = GraphCapsule.swift; sourceTree = "<group>"; };
		770C8ADF2A7122A700B7CF26 /* HikeGraph.swift */ = {isa = PBXFileReference; fileEncoding = 4; lastKnownFileType = sourcecode.swift; path = HikeGraph.swift; sourceTree = "<group>"; };
		770C8AE02A7122A700B7CF26 /* HikeDetail.swift */ = {isa = PBXFileReference; fileEncoding = 4; lastKnownFileType = sourcecode.swift; path = HikeDetail.swift; sourceTree = "<group>"; };
		770C8AE12A7122A700B7CF26 /* HikeView.swift */ = {isa = PBXFileReference; fileEncoding = 4; lastKnownFileType = sourcecode.swift; path = HikeView.swift; sourceTree = "<group>"; };
		779ACB1C2A751B930073AAB7 /* CategoryHome.swift */ = {isa = PBXFileReference; lastKnownFileType = sourcecode.swift; path = CategoryHome.swift; sourceTree = "<group>"; };
		779ACB212A7527A00073AAB7 /* CategoryListViewModel.swift */ = {isa = PBXFileReference; lastKnownFileType = sourcecode.swift; path = CategoryListViewModel.swift; sourceTree = "<group>"; };
		779ACB232A7527B40073AAB7 /* CategoryRowViewModel.swift */ = {isa = PBXFileReference; lastKnownFileType = sourcecode.swift; path = CategoryRowViewModel.swift; sourceTree = "<group>"; };
		779ACB252A7534C20073AAB7 /* CategoryRow.swift */ = {isa = PBXFileReference; lastKnownFileType = sourcecode.swift; path = CategoryRow.swift; sourceTree = "<group>"; };
		779ACB272A7536AE0073AAB7 /* CategoryItem.swift */ = {isa = PBXFileReference; lastKnownFileType = sourcecode.swift; path = CategoryItem.swift; sourceTree = "<group>"; };
		77C45A6D2A67F87300750775 /* FavoriteButton.swift */ = {isa = PBXFileReference; lastKnownFileType = sourcecode.swift; path = FavoriteButton.swift; sourceTree = "<group>"; };
		77CBDC2A2A5EACF700B168B3 /* Landmarks.app */ = {isa = PBXFileReference; explicitFileType = wrapper.application; includeInIndex = 0; path = Landmarks.app; sourceTree = BUILT_PRODUCTS_DIR; };
		77CBDC2D2A5EACF700B168B3 /* LandmarksApp.swift */ = {isa = PBXFileReference; lastKnownFileType = sourcecode.swift; path = LandmarksApp.swift; sourceTree = "<group>"; };
		77CBDC2F2A5EACF700B168B3 /* ContentView.swift */ = {isa = PBXFileReference; lastKnownFileType = sourcecode.swift; path = ContentView.swift; sourceTree = "<group>"; };
		77CBDC312A5EACF800B168B3 /* Assets.xcassets */ = {isa = PBXFileReference; lastKnownFileType = folder.assetcatalog; path = Assets.xcassets; sourceTree = "<group>"; };
		77CBDC342A5EACF800B168B3 /* Preview Assets.xcassets */ = {isa = PBXFileReference; lastKnownFileType = folder.assetcatalog; path = "Preview Assets.xcassets"; sourceTree = "<group>"; };
		77CBDC3B2A5EC05100B168B3 /* CircleImage.swift */ = {isa = PBXFileReference; lastKnownFileType = sourcecode.swift; path = CircleImage.swift; sourceTree = "<group>"; };
		77CBDC3E2A5EC4CC00B168B3 /* MapView.swift */ = {isa = PBXFileReference; lastKnownFileType = sourcecode.swift; path = MapView.swift; sourceTree = "<group>"; };
		77CBDC422A5EE2F000B168B3 /* landmarkData.json */ = {isa = PBXFileReference; fileEncoding = 4; lastKnownFileType = text.json; path = landmarkData.json; sourceTree = "<group>"; };
		77CBDC452A5EE3AB00B168B3 /* Landmark.swift */ = {isa = PBXFileReference; lastKnownFileType = sourcecode.swift; path = Landmark.swift; sourceTree = "<group>"; };
		77CBDC472A5EE63B00B168B3 /* LandmarkViewModel.swift */ = {isa = PBXFileReference; lastKnownFileType = sourcecode.swift; path = LandmarkViewModel.swift; sourceTree = "<group>"; };
		77CBDC4A2A5EE67300B168B3 /* DataLoader.swift */ = {isa = PBXFileReference; lastKnownFileType = sourcecode.swift; path = DataLoader.swift; sourceTree = "<group>"; };
		77CBDC4C2A5EFC9D00B168B3 /* LandmarkRow.swift */ = {isa = PBXFileReference; lastKnownFileType = sourcecode.swift; path = LandmarkRow.swift; sourceTree = "<group>"; };
		77CBDC4E2A5F027700B168B3 /* LandmarkList.swift */ = {isa = PBXFileReference; lastKnownFileType = sourcecode.swift; path = LandmarkList.swift; sourceTree = "<group>"; };
		77DD48C92A62A851007F7FC5 /* LandmarkDetail.swift */ = {isa = PBXFileReference; lastKnownFileType = sourcecode.swift; path = LandmarkDetail.swift; sourceTree = "<group>"; };
		77DD48CB2A62D0DF007F7FC5 /* LandmarkListViewModel.swift */ = {isa = PBXFileReference; lastKnownFileType = sourcecode.swift; path = LandmarkListViewModel.swift; sourceTree = "<group>"; };
		77DD48CD2A62DF08007F7FC5 /* ModelData.swift */ = {isa = PBXFileReference; lastKnownFileType = sourcecode.swift; path = ModelData.swift; sourceTree = "<group>"; };
		77F29B0B2A6BF3050078B8DA /* HexagonParameters.swift */ = {isa = PBXFileReference; lastKnownFileType = sourcecode.swift; path = HexagonParameters.swift; sourceTree = "<group>"; };
		77F29B0D2A6BF51F0078B8DA /* BadgeBackground.swift */ = {isa = PBXFileReference; lastKnownFileType = sourcecode.swift; path = BadgeBackground.swift; sourceTree = "<group>"; };
		77F29B112A6C12D90078B8DA /* BadgeSymbol.swift */ = {isa = PBXFileReference; lastKnownFileType = sourcecode.swift; path = BadgeSymbol.swift; sourceTree = "<group>"; };
		77F29B132A6C16690078B8DA /* RotatedBadgeSymbol.swift */ = {isa = PBXFileReference; lastKnownFileType = sourcecode.swift; path = RotatedBadgeSymbol.swift; sourceTree = "<group>"; };
		77F29B152A6C26110078B8DA /* Badge.swift */ = {isa = PBXFileReference; lastKnownFileType = sourcecode.swift; path = Badge.swift; sourceTree = "<group>"; };
		77FCE7DB2A7A960B0036C691 /* Profile.swift */ = {isa = PBXFileReference; lastKnownFileType = sourcecode.swift; path = Profile.swift; sourceTree = "<group>"; };
/* End PBXFileReference section */

/* Begin PBXFrameworksBuildPhase section */
		77CBDC272A5EACF700B168B3 /* Frameworks */ = {
			isa = PBXFrameworksBuildPhase;
			buildActionMask = 2147483647;
			files = (
			);
			runOnlyForDeploymentPostprocessing = 0;
		};
/* End PBXFrameworksBuildPhase section */

/* Begin PBXGroup section */
		770C8ADD2A7122A700B7CF26 /* Hikes */ = {
			isa = PBXGroup;
			children = (
				770C8ADE2A7122A700B7CF26 /* GraphCapsule.swift */,
				770C8ADF2A7122A700B7CF26 /* HikeGraph.swift */,
				770C8AE02A7122A700B7CF26 /* HikeDetail.swift */,
				770C8AE12A7122A700B7CF26 /* HikeView.swift */,
			);
			path = Hikes;
			sourceTree = "<group>";
		};
		779ACB1B2A751B850073AAB7 /* Category */ = {
			isa = PBXGroup;
			children = (
				779ACB1C2A751B930073AAB7 /* CategoryHome.swift */,
				779ACB252A7534C20073AAB7 /* CategoryRow.swift */,
				779ACB272A7536AE0073AAB7 /* CategoryItem.swift */,
			);
			path = Category;
			sourceTree = "<group>";
		};
		779ACB1E2A7527760073AAB7 /* Landmark */ = {
			isa = PBXGroup;
			children = (
				77CBDC452A5EE3AB00B168B3 /* Landmark.swift */,
				77CBDC472A5EE63B00B168B3 /* LandmarkViewModel.swift */,
				77DD48CB2A62D0DF007F7FC5 /* LandmarkListViewModel.swift */,
			);
			path = Landmark;
			sourceTree = "<group>";
		};
		779ACB1F2A75277F0073AAB7 /* Hike */ = {
			isa = PBXGroup;
			children = (
				770C8ADB2A71208500B7CF26 /* Hike.swift */,
			);
			path = Hike;
			sourceTree = "<group>";
		};
		779ACB202A75278A0073AAB7 /* Category */ = {
			isa = PBXGroup;
			children = (
				779ACB212A7527A00073AAB7 /* CategoryListViewModel.swift */,
				779ACB232A7527B40073AAB7 /* CategoryRowViewModel.swift */,
			);
			path = Category;
			sourceTree = "<group>";
		};
		77C45A6F2A67F9F900750775 /* Helpers */ = {
			isa = PBXGroup;
			children = (
				77CBDC3B2A5EC05100B168B3 /* CircleImage.swift */,
				77CBDC3E2A5EC4CC00B168B3 /* MapView.swift */,
				77C45A6D2A67F87300750775 /* FavoriteButton.swift */,
			);
			path = Helpers;
			sourceTree = "<group>";
		};
		77C45A702A67FA0900750775 /* Landmark */ = {
			isa = PBXGroup;
			children = (
				77CBDC4E2A5F027700B168B3 /* LandmarkList.swift */,
				77CBDC4C2A5EFC9D00B168B3 /* LandmarkRow.swift */,
				77DD48C92A62A851007F7FC5 /* LandmarkDetail.swift */,
			);
			path = Landmark;
			sourceTree = "<group>";
		};
		77CBDC212A5EACF700B168B3 = {
			isa = PBXGroup;
			children = (
				77CBDC2C2A5EACF700B168B3 /* Landmarks */,
				77CBDC2B2A5EACF700B168B3 /* Products */,
			);
			sourceTree = "<group>";
		};
		77CBDC2B2A5EACF700B168B3 /* Products */ = {
			isa = PBXGroup;
			children = (
				77CBDC2A2A5EACF700B168B3 /* Landmarks.app */,
			);
			name = Products;
			sourceTree = "<group>";
		};
		77CBDC2C2A5EACF700B168B3 /* Landmarks */ = {
			isa = PBXGroup;
			children = (
				77CBDC492A5EE65D00B168B3 /* Helper */,
				77CBDC442A5EE3A000B168B3 /* Models */,
				77CBDC412A5EE2E100B168B3 /* Resource */,
				77CBDC402A5EC72C00B168B3 /* Views */,
				77CBDC2D2A5EACF700B168B3 /* LandmarksApp.swift */,
				77CBDC2F2A5EACF700B168B3 /* ContentView.swift */,
				77CBDC312A5EACF800B168B3 /* Assets.xcassets */,
				77CBDC332A5EACF800B168B3 /* Preview Content */,
			);
			path = Landmarks;
			sourceTree = "<group>";
		};
		77CBDC332A5EACF800B168B3 /* Preview Content */ = {
			isa = PBXGroup;
			children = (
				77CBDC342A5EACF800B168B3 /* Preview Assets.xcassets */,
			);
			path = "Preview Content";
			sourceTree = "<group>";
		};
		77CBDC402A5EC72C00B168B3 /* Views */ = {
			isa = PBXGroup;
			children = (
				779ACB1B2A751B850073AAB7 /* Category */,
				770C8ADD2A7122A700B7CF26 /* Hikes */,
				77F29B102A6C12950078B8DA /* Badge */,
				77C45A702A67FA0900750775 /* Landmark */,
				77C45A6F2A67F9F900750775 /* Helpers */,
			);
			path = Views;
			sourceTree = "<group>";
		};
		77CBDC412A5EE2E100B168B3 /* Resource */ = {
			isa = PBXGroup;
			children = (
				770C8AD02A711FAA00B7CF26 /* hikeData.json */,
				77CBDC422A5EE2F000B168B3 /* landmarkData.json */,
			);
			path = Resource;
			sourceTree = "<group>";
		};
		77CBDC442A5EE3A000B168B3 /* Models */ = {
			isa = PBXGroup;
			children = (
				77DD48CD2A62DF08007F7FC5 /* ModelData.swift */,
				779ACB202A75278A0073AAB7 /* Category */,
				779ACB1F2A75277F0073AAB7 /* Hike */,
				779ACB1E2A7527760073AAB7 /* Landmark */,
				77FCE7DB2A7A960B0036C691 /* Profile.swift */,
			);
			path = Models;
			sourceTree = "<group>";
		};
		77CBDC492A5EE65D00B168B3 /* Helper */ = {
			isa = PBXGroup;
			children = (
				77CBDC4A2A5EE67300B168B3 /* DataLoader.swift */,
			);
			path = Helper;
			sourceTree = "<group>";
		};
		77F29B102A6C12950078B8DA /* Badge */ = {
			isa = PBXGroup;
			children = (
				77F29B152A6C26110078B8DA /* Badge.swift */,
				77F29B0B2A6BF3050078B8DA /* HexagonParameters.swift */,
				77F29B0D2A6BF51F0078B8DA /* BadgeBackground.swift */,
				77F29B112A6C12D90078B8DA /* BadgeSymbol.swift */,
				77F29B132A6C16690078B8DA /* RotatedBadgeSymbol.swift */,
			);
			path = Badge;
			sourceTree = "<group>";
		};
/* End PBXGroup section */

/* Begin PBXNativeTarget section */
		77CBDC292A5EACF700B168B3 /* Landmarks */ = {
			isa = PBXNativeTarget;
			buildConfigurationList = 77CBDC382A5EACF800B168B3 /* Build configuration list for PBXNativeTarget "Landmarks" */;
			buildPhases = (
				77CBDC262A5EACF700B168B3 /* Sources */,
				77CBDC272A5EACF700B168B3 /* Frameworks */,
				77CBDC282A5EACF700B168B3 /* Resources */,
			);
			buildRules = (
			);
			dependencies = (
			);
			name = Landmarks;
			productName = Landmarks;
			productReference = 77CBDC2A2A5EACF700B168B3 /* Landmarks.app */;
			productType = "com.apple.product-type.application";
		};
/* End PBXNativeTarget section */

/* Begin PBXProject section */
		77CBDC222A5EACF700B168B3 /* Project object */ = {
			isa = PBXProject;
			attributes = {
				BuildIndependentTargetsInParallel = 1;
				LastSwiftUpdateCheck = 1430;
				LastUpgradeCheck = 1430;
				TargetAttributes = {
					77CBDC292A5EACF700B168B3 = {
						CreatedOnToolsVersion = 14.3.1;
					};
				};
			};
			buildConfigurationList = 77CBDC252A5EACF700B168B3 /* Build configuration list for PBXProject "Landmarks" */;
			compatibilityVersion = "Xcode 14.0";
			developmentRegion = en;
			hasScannedForEncodings = 0;
			knownRegions = (
				en,
				Base,
			);
			mainGroup = 77CBDC212A5EACF700B168B3;
			productRefGroup = 77CBDC2B2A5EACF700B168B3 /* Products */;
			projectDirPath = "";
			projectRoot = "";
			targets = (
				77CBDC292A5EACF700B168B3 /* Landmarks */,
			);
		};
/* End PBXProject section */

/* Begin PBXResourcesBuildPhase section */
		77CBDC282A5EACF700B168B3 /* Resources */ = {
			isa = PBXResourcesBuildPhase;
			buildActionMask = 2147483647;
			files = (
				770C8AD12A711FAA00B7CF26 /* hikeData.json in Resources */,
				77CBDC352A5EACF800B168B3 /* Preview Assets.xcassets in Resources */,
				77CBDC322A5EACF800B168B3 /* Assets.xcassets in Resources */,
				77CBDC432A5EE2F000B168B3 /* landmarkData.json in Resources */,
			);
			runOnlyForDeploymentPostprocessing = 0;
		};
/* End PBXResourcesBuildPhase section */

/* Begin PBXSourcesBuildPhase section */
		77CBDC262A5EACF700B168B3 /* Sources */ = {
			isa = PBXSourcesBuildPhase;
			buildActionMask = 2147483647;
			files = (
				770C8AE22A7122A700B7CF26 /* GraphCapsule.swift in Sources */,
				779ACB242A7527B40073AAB7 /* CategoryRowViewModel.swift in Sources */,
				77FCE7DC2A7A960B0036C691 /* Profile.swift in Sources */,
				77F29B0C2A6BF3060078B8DA /* HexagonParameters.swift in Sources */,
				77CBDC302A5EACF700B168B3 /* ContentView.swift in Sources */,
				77CBDC3F2A5EC4CC00B168B3 /* MapView.swift in Sources */,
				779ACB1D2A751B930073AAB7 /* CategoryHome.swift in Sources */,
				770C8AE32A7122A700B7CF26 /* HikeGraph.swift in Sources */,
				77CBDC4B2A5EE67300B168B3 /* DataLoader.swift in Sources */,
				77CBDC2E2A5EACF700B168B3 /* LandmarksApp.swift in Sources */,
				770C8AE42A7122A700B7CF26 /* HikeDetail.swift in Sources */,
				779ACB282A7536AE0073AAB7 /* CategoryItem.swift in Sources */,
				77F29B142A6C16690078B8DA /* RotatedBadgeSymbol.swift in Sources */,
				77F29B122A6C12D90078B8DA /* BadgeSymbol.swift in Sources */,
				77F29B162A6C26110078B8DA /* Badge.swift in Sources */,
				77CBDC4F2A5F027700B168B3 /* LandmarkList.swift in Sources */,
				77DD48CE2A62DF08007F7FC5 /* ModelData.swift in Sources */,
				77DD48CC2A62D0DF007F7FC5 /* LandmarkListViewModel.swift in Sources */,
				779ACB262A7534C20073AAB7 /* CategoryRow.swift in Sources */,
				77CBDC3C2A5EC05100B168B3 /* CircleImage.swift in Sources */,
				770C8AE52A7122A700B7CF26 /* HikeView.swift in Sources */,
				77CBDC482A5EE63B00B168B3 /* LandmarkViewModel.swift in Sources */,
				77CBDC4D2A5EFC9D00B168B3 /* LandmarkRow.swift in Sources */,
				77DD48CA2A62A851007F7FC5 /* LandmarkDetail.swift in Sources */,
				77CBDC462A5EE3AB00B168B3 /* Landmark.swift in Sources */,
				770C8ADC2A71208500B7CF26 /* Hike.swift in Sources */,
				77F29B0E2A6BF51F0078B8DA /* BadgeBackground.swift in Sources */,
				77C45A6E2A67F87300750775 /* FavoriteButton.swift in Sources */,
				779ACB222A7527A00073AAB7 /* CategoryListViewModel.swift in Sources */,
			);
			runOnlyForDeploymentPostprocessing = 0;
		};
/* End PBXSourcesBuildPhase section */

/* Begin XCBuildConfiguration section */
		77CBDC362A5EACF800B168B3 /* Debug */ = {
			isa = XCBuildConfiguration;
			buildSettings = {
				ALWAYS_SEARCH_USER_PATHS = NO;
				CLANG_ANALYZER_NONNULL = YES;
				CLANG_ANALYZER_NUMBER_OBJECT_CONVERSION = YES_AGGRESSIVE;
				CLANG_CXX_LANGUAGE_STANDARD = "gnu++20";
				CLANG_ENABLE_MODULES = YES;
				CLANG_ENABLE_OBJC_ARC = YES;
				CLANG_ENABLE_OBJC_WEAK = YES;
				CLANG_WARN_BLOCK_CAPTURE_AUTORELEASING = YES;
				CLANG_WARN_BOOL_CONVERSION = YES;
				CLANG_WARN_COMMA = YES;
				CLANG_WARN_CONSTANT_CONVERSION = YES;
				CLANG_WARN_DEPRECATED_OBJC_IMPLEMENTATIONS = YES;
				CLANG_WARN_DIRECT_OBJC_ISA_USAGE = YES_ERROR;
				CLANG_WARN_DOCUMENTATION_COMMENTS = YES;
				CLANG_WARN_EMPTY_BODY = YES;
				CLANG_WARN_ENUM_CONVERSION = YES;
				CLANG_WARN_INFINITE_RECURSION = YES;
				CLANG_WARN_INT_CONVERSION = YES;
				CLANG_WARN_NON_LITERAL_NULL_CONVERSION = YES;
				CLANG_WARN_OBJC_IMPLICIT_RETAIN_SELF = YES;
				CLANG_WARN_OBJC_LITERAL_CONVERSION = YES;
				CLANG_WARN_OBJC_ROOT_CLASS = YES_ERROR;
				CLANG_WARN_QUOTED_INCLUDE_IN_FRAMEWORK_HEADER = YES;
				CLANG_WARN_RANGE_LOOP_ANALYSIS = YES;
				CLANG_WARN_STRICT_PROTOTYPES = YES;
				CLANG_WARN_SUSPICIOUS_MOVE = YES;
				CLANG_WARN_UNGUARDED_AVAILABILITY = YES_AGGRESSIVE;
				CLANG_WARN_UNREACHABLE_CODE = YES;
				CLANG_WARN__DUPLICATE_METHOD_MATCH = YES;
				COPY_PHASE_STRIP = NO;
				DEBUG_INFORMATION_FORMAT = dwarf;
				ENABLE_STRICT_OBJC_MSGSEND = YES;
				ENABLE_TESTABILITY = YES;
				GCC_C_LANGUAGE_STANDARD = gnu11;
				GCC_DYNAMIC_NO_PIC = NO;
				GCC_NO_COMMON_BLOCKS = YES;
				GCC_OPTIMIZATION_LEVEL = 0;
				GCC_PREPROCESSOR_DEFINITIONS = (
					"DEBUG=1",
					"$(inherited)",
				);
				GCC_WARN_64_TO_32_BIT_CONVERSION = YES;
				GCC_WARN_ABOUT_RETURN_TYPE = YES_ERROR;
				GCC_WARN_UNDECLARED_SELECTOR = YES;
				GCC_WARN_UNINITIALIZED_AUTOS = YES_AGGRESSIVE;
				GCC_WARN_UNUSED_FUNCTION = YES;
				GCC_WARN_UNUSED_VARIABLE = YES;
				IPHONEOS_DEPLOYMENT_TARGET = 16.4;
				MTL_ENABLE_DEBUG_INFO = INCLUDE_SOURCE;
				MTL_FAST_MATH = YES;
				ONLY_ACTIVE_ARCH = YES;
				SDKROOT = iphoneos;
				SWIFT_ACTIVE_COMPILATION_CONDITIONS = DEBUG;
				SWIFT_OPTIMIZATION_LEVEL = "-Onone";
			};
			name = Debug;
		};
		77CBDC372A5EACF800B168B3 /* Release */ = {
			isa = XCBuildConfiguration;
			buildSettings = {
				ALWAYS_SEARCH_USER_PATHS = NO;
				CLANG_ANALYZER_NONNULL = YES;
				CLANG_ANALYZER_NUMBER_OBJECT_CONVERSION = YES_AGGRESSIVE;
				CLANG_CXX_LANGUAGE_STANDARD = "gnu++20";
				CLANG_ENABLE_MODULES = YES;
				CLANG_ENABLE_OBJC_ARC = YES;
				CLANG_ENABLE_OBJC_WEAK = YES;
				CLANG_WARN_BLOCK_CAPTURE_AUTORELEASING = YES;
				CLANG_WARN_BOOL_CONVERSION = YES;
				CLANG_WARN_COMMA = YES;
				CLANG_WARN_CONSTANT_CONVERSION = YES;
				CLANG_WARN_DEPRECATED_OBJC_IMPLEMENTATIONS = YES;
				CLANG_WARN_DIRECT_OBJC_ISA_USAGE = YES_ERROR;
				CLANG_WARN_DOCUMENTATION_COMMENTS = YES;
				CLANG_WARN_EMPTY_BODY = YES;
				CLANG_WARN_ENUM_CONVERSION = YES;
				CLANG_WARN_INFINITE_RECURSION = YES;
				CLANG_WARN_INT_CONVERSION = YES;
				CLANG_WARN_NON_LITERAL_NULL_CONVERSION = YES;
				CLANG_WARN_OBJC_IMPLICIT_RETAIN_SELF = YES;
				CLANG_WARN_OBJC_LITERAL_CONVERSION = YES;
				CLANG_WARN_OBJC_ROOT_CLASS = YES_ERROR;
				CLANG_WARN_QUOTED_INCLUDE_IN_FRAMEWORK_HEADER = YES;
				CLANG_WARN_RANGE_LOOP_ANALYSIS = YES;
				CLANG_WARN_STRICT_PROTOTYPES = YES;
				CLANG_WARN_SUSPICIOUS_MOVE = YES;
				CLANG_WARN_UNGUARDED_AVAILABILITY = YES_AGGRESSIVE;
				CLANG_WARN_UNREACHABLE_CODE = YES;
				CLANG_WARN__DUPLICATE_METHOD_MATCH = YES;
				COPY_PHASE_STRIP = NO;
				DEBUG_INFORMATION_FORMAT = "dwarf-with-dsym";
				ENABLE_NS_ASSERTIONS = NO;
				ENABLE_STRICT_OBJC_MSGSEND = YES;
				GCC_C_LANGUAGE_STANDARD = gnu11;
				GCC_NO_COMMON_BLOCKS = YES;
				GCC_WARN_64_TO_32_BIT_CONVERSION = YES;
				GCC_WARN_ABOUT_RETURN_TYPE = YES_ERROR;
				GCC_WARN_UNDECLARED_SELECTOR = YES;
				GCC_WARN_UNINITIALIZED_AUTOS = YES_AGGRESSIVE;
				GCC_WARN_UNUSED_FUNCTION = YES;
				GCC_WARN_UNUSED_VARIABLE = YES;
				IPHONEOS_DEPLOYMENT_TARGET = 16.4;
				MTL_ENABLE_DEBUG_INFO = NO;
				MTL_FAST_MATH = YES;
				SDKROOT = iphoneos;
				SWIFT_COMPILATION_MODE = wholemodule;
				SWIFT_OPTIMIZATION_LEVEL = "-O";
				VALIDATE_PRODUCT = YES;
			};
			name = Release;
		};
		77CBDC392A5EACF800B168B3 /* Debug */ = {
			isa = XCBuildConfiguration;
			buildSettings = {
				ASSETCATALOG_COMPILER_APPICON_NAME = AppIcon;
				ASSETCATALOG_COMPILER_GLOBAL_ACCENT_COLOR_NAME = AccentColor;
				CODE_SIGN_STYLE = Automatic;
				CURRENT_PROJECT_VERSION = 1;
				DEVELOPMENT_ASSET_PATHS = "\"Landmarks/Preview Content\"";
				DEVELOPMENT_TEAM = D3F6RWD56C;
				ENABLE_PREVIEWS = YES;
				GENERATE_INFOPLIST_FILE = YES;
				INFOPLIST_KEY_UIApplicationSceneManifest_Generation = YES;
				INFOPLIST_KEY_UIApplicationSupportsIndirectInputEvents = YES;
				INFOPLIST_KEY_UILaunchScreen_Generation = YES;
				INFOPLIST_KEY_UISupportedInterfaceOrientations_iPad = "UIInterfaceOrientationPortrait UIInterfaceOrientationPortraitUpsideDown UIInterfaceOrientationLandscapeLeft UIInterfaceOrientationLandscapeRight";
				INFOPLIST_KEY_UISupportedInterfaceOrientations_iPhone = "UIInterfaceOrientationPortrait UIInterfaceOrientationLandscapeLeft UIInterfaceOrientationLandscapeRight";
				LD_RUNPATH_SEARCH_PATHS = (
					"$(inherited)",
					"@executable_path/Frameworks",
				);
				MARKETING_VERSION = 1.0;
				PRODUCT_BUNDLE_IDENTIFIER = "Fardan-Akhter.Landmarks";
				PRODUCT_NAME = "$(TARGET_NAME)";
				SWIFT_EMIT_LOC_STRINGS = YES;
				SWIFT_VERSION = 5.0;
				TARGETED_DEVICE_FAMILY = "1,2";
			};
			name = Debug;
		};
		77CBDC3A2A5EACF800B168B3 /* Release */ = {
			isa = XCBuildConfiguration;
			buildSettings = {
				ASSETCATALOG_COMPILER_APPICON_NAME = AppIcon;
				ASSETCATALOG_COMPILER_GLOBAL_ACCENT_COLOR_NAME = AccentColor;
				CODE_SIGN_STYLE = Automatic;
				CURRENT_PROJECT_VERSION = 1;
				DEVELOPMENT_ASSET_PATHS = "\"Landmarks/Preview Content\"";
				DEVELOPMENT_TEAM = D3F6RWD56C;
				ENABLE_PREVIEWS = YES;
				GENERATE_INFOPLIST_FILE = YES;
				INFOPLIST_KEY_UIApplicationSceneManifest_Generation = YES;
				INFOPLIST_KEY_UIApplicationSupportsIndirectInputEvents = YES;
				INFOPLIST_KEY_UILaunchScreen_Generation = YES;
				INFOPLIST_KEY_UISupportedInterfaceOrientations_iPad = "UIInterfaceOrientationPortrait UIInterfaceOrientationPortraitUpsideDown UIInterfaceOrientationLandscapeLeft UIInterfaceOrientationLandscapeRight";
				INFOPLIST_KEY_UISupportedInterfaceOrientations_iPhone = "UIInterfaceOrientationPortrait UIInterfaceOrientationLandscapeLeft UIInterfaceOrientationLandscapeRight";
				LD_RUNPATH_SEARCH_PATHS = (
					"$(inherited)",
					"@executable_path/Frameworks",
				);
				MARKETING_VERSION = 1.0;
				PRODUCT_BUNDLE_IDENTIFIER = "Fardan-Akhter.Landmarks";
				PRODUCT_NAME = "$(TARGET_NAME)";
				SWIFT_EMIT_LOC_STRINGS = YES;
				SWIFT_VERSION = 5.0;
				TARGETED_DEVICE_FAMILY = "1,2";
			};
			name = Release;
		};
/* End XCBuildConfiguration section */

/* Begin XCConfigurationList section */
		77CBDC252A5EACF700B168B3 /* Build configuration list for PBXProject "Landmarks" */ = {
			isa = XCConfigurationList;
			buildConfigurations = (
				77CBDC362A5EACF800B168B3 /* Debug */,
				77CBDC372A5EACF800B168B3 /* Release */,
			);
			defaultConfigurationIsVisible = 0;
			defaultConfigurationName = Release;
		};
		77CBDC382A5EACF800B168B3 /* Build configuration list for PBXNativeTarget "Landmarks" */ = {
			isa = XCConfigurationList;
			buildConfigurations = (
				77CBDC392A5EACF800B168B3 /* Debug */,
				77CBDC3A2A5EACF800B168B3 /* Release */,
			);
			defaultConfigurationIsVisible = 0;
			defaultConfigurationName = Release;
		};
/* End XCConfigurationList section */
	};
	rootObject = 77CBDC222A5EACF700B168B3 /* Project object */;
}
